
Microsoft Visual Studio Solution File, Format Version 12.00
# Visual Studio Version 16
VisualStudioVersion = 16.0.29123.88
MinimumVisualStudioVersion = 10.0.40219.1
Project("{FAE04EC0-301F-11D3-BF4B-00C04F79EFBC}") = "MyVet.Common", "MyVet.Common\MyVet.Common.csproj", "{915D5FBC-DF49-4AAA-895B-09892706BD7D}"
EndProject
Project("{FAE04EC0-301F-11D3-BF4B-00C04F79EFBC}") = "MyVet.Web", "MyVet.Web\MyVet.Web.csproj", "{F46C7172-E07B-4664-9622-A9FE713220D2}"
EndProject
Global
	GlobalSection(SolutionConfigurationPlatforms) = preSolution
		Debug|Any CPU = Debug|Any CPU
		Release|Any CPU = Release|Any CPU
	EndGlobalSection
	GlobalSection(ProjectConfigurationPlatforms) = postSolution
		{915D5FBC-DF49-4AAA-895B-09892706BD7D}.Debug|Any CPU.ActiveCfg = Debug|Any CPU
		{915D5FBC-DF49-4AAA-895B-09892706BD7D}.Debug|Any CPU.Build.0 = Debug|Any CPU
		{915D5FBC-DF49-4AAA-895B-09892706BD7D}.Release|Any CPU.ActiveCfg = Release|Any CPU
		{915D5FBC-DF49-4AAA-895B-09892706BD7D}.Release|Any CPU.Build.0 = Release|Any CPU
		{F46C7172-E07B-4664-9622-A9FE713220D2}.Debug|Any CPU.ActiveCfg = Debug|Any CPU
		{F46C7172-E07B-4664-9622-A9FE713220D2}.Debug|Any CPU.Build.0 = Debug|Any CPU
		{F46C7172-E07B-4664-9622-A9FE713220D2}.Release|Any CPU.ActiveCfg = Release|Any CPU
		{F46C7172-E07B-4664-9622-A9FE713220D2}.Release|Any CPU.Build.0 = Release|Any CPU
	EndGlobalSection
	GlobalSection(SolutionProperties) = preSolution
		HideSolutionNode = FALSE
	EndGlobalSection
	GlobalSection(ExtensibilityGlobals) = postSolution
		SolutionGuid = {0580DDCD-3DD7-452F-A41E-9809AFE79DF4}
	EndGlobalSection
EndGlobal
